
Microsoft Visual Studio Solution File, Format Version 12.00
# Visual Studio Version 17
VisualStudioVersion = 17.13.35818.85
MinimumVisualStudioVersion = 10.0.40219.1
Project("{2150E333-8FDC-42A3-9474-1A3956D46DE8}") = "practice", "practice", "{02EA681E-C7D8-13C7-8484-4AC65E1B71E8}"
EndProject
Project("{2150E333-8FDC-42A3-9474-1A3956D46DE8}") = "project", "project", "{C1659966-85AE-494A-BCC2-C8D870F4BCE6}"
EndProject
Project("{2150E333-8FDC-42A3-9474-1A3956D46DE8}") = "class_notes", "class_notes", "{7A075D68-EBBA-4AF9-A4E3-AA59B84BA7AF}"
EndProject
Project("{8BC9CEB8-8B4A-11D0-8D11-00A0C91BC942}") = "05_feb_2025", "..\class_notes\05_feb_2025\05_feb_2025.vcxproj", "{0C67540E-15A7-44DF-A86E-BF6E2CB49AC0}"
EndProject
Project("{2150E333-8FDC-42A3-9474-1A3956D46DE8}") = "test", "test", "{0F76ADD8-2A33-49AE-A85E-D5490E3115A3}"
EndProject
Project("{2150E333-8FDC-42A3-9474-1A3956D46DE8}") = "tutorial", "tutorial", "{54192587-7576-4762-8E90-1ACC166A7465}"
EndProject
Project("{8BC9CEB8-8B4A-11D0-8D11-00A0C91BC942}") = "practice01", "..\practice\practice01\practice01.vcxproj", "{10022032-1BCF-4ECE-A0B6-7F921B7AD985}"
EndProject
Project("{8BC9CEB8-8B4A-11D0-8D11-00A0C91BC942}") = "practice02", "..\practice\practice02\practice02.vcxproj", "{2F8ECF10-8026-476B-935D-A8A96BBFDCAF}"
EndProject
Project("{8BC9CEB8-8B4A-11D0-8D11-00A0C91BC942}") = "practice03", "..\practice\practice03\practice03.vcxproj", "{F7D61452-4C90-4A30-A856-6CE79A6A7BBE}"
EndProject
Project("{8BC9CEB8-8B4A-11D0-8D11-00A0C91BC942}") = "practice04_1a", "..\practice\practice04\practice04_1a\practice04_1a.vcxproj", "{73C51EAE-6BD5-4768-B690-9FC47F5FA6B1}"
EndProject
Project("{8BC9CEB8-8B4A-11D0-8D11-00A0C91BC942}") = "practice04_2b", "..\practice\practice04\practice04_2b\practice04_2b.vcxproj", "{A20C1BAC-8F8F-4737-B5B1-C9136BA7CC5E}"
EndProject
Project("{8BC9CEB8-8B4A-11D0-8D11-00A0C91BC942}") = "practice04_3a", "..\practice\practice04_3a\practice04_3a.vcxproj", "{60B430B1-6D58-4B98-A9B9-83EA25C117D9}"
EndProject
Project("{8BC9CEB8-8B4A-11D0-8D11-00A0C91BC942}") = "05_feb_2025_test", "..\test\05_feb_2025_test\05_feb_2025_test.vcxproj", "{90E3ABEA-C3FE-4130-74D3-8C71DF6CB67B}"
EndProject
Project("{8BC9CEB8-8B4A-11D0-8D11-00A0C91BC942}") = "practice03_test", "..\test\practice03_test\practice03_test.vcxproj", "{E88C3E77-C605-1657-BC6B-1DFD7FB41EB4}"
EndProject
Project("{8BC9CEB8-8B4A-11D0-8D11-00A0C91BC942}") = "tutorial05", "..\tutorial\tutorial05\tutorial05\tutorial05.vcxproj", "{D93DDA44-27D7-4DB7-A474-195B9A9F0892}"
EndProject
Project("{8BC9CEB8-8B4A-11D0-8D11-00A0C91BC942}") = "project01", "..\project\project01\project01.vcxproj", "{C97401F9-2251-4834-AF9F-286D44CC4355}"
EndProject
Global
	GlobalSection(SolutionConfigurationPlatforms) = preSolution
		Debug|x64 = Debug|x64
		Debug|x86 = Debug|x86
		Release|x64 = Release|x64
		Release|x86 = Release|x86
	EndGlobalSection
	GlobalSection(ProjectConfigurationPlatforms) = postSolution
		{0C67540E-15A7-44DF-A86E-BF6E2CB49AC0}.Debug|x64.ActiveCfg = Debug|x64
		{0C67540E-15A7-44DF-A86E-BF6E2CB49AC0}.Debug|x64.Build.0 = Debug|x64
		{0C67540E-15A7-44DF-A86E-BF6E2CB49AC0}.Debug|x86.ActiveCfg = Debug|Win32
		{0C67540E-15A7-44DF-A86E-BF6E2CB49AC0}.Debug|x86.Build.0 = Debug|Win32
		{0C67540E-15A7-44DF-A86E-BF6E2CB49AC0}.Release|x64.ActiveCfg = Release|x64
		{0C67540E-15A7-44DF-A86E-BF6E2CB49AC0}.Release|x64.Build.0 = Release|x64
		{0C67540E-15A7-44DF-A86E-BF6E2CB49AC0}.Release|x86.ActiveCfg = Release|Win32
		{0C67540E-15A7-44DF-A86E-BF6E2CB49AC0}.Release|x86.Build.0 = Release|Win32
		{10022032-1BCF-4ECE-A0B6-7F921B7AD985}.Debug|x64.ActiveCfg = Debug|x64
		{10022032-1BCF-4ECE-A0B6-7F921B7AD985}.Debug|x64.Build.0 = Debug|x64
		{10022032-1BCF-4ECE-A0B6-7F921B7AD985}.Debug|x86.ActiveCfg = Debug|Win32
		{10022032-1BCF-4ECE-A0B6-7F921B7AD985}.Debug|x86.Build.0 = Debug|Win32
		{10022032-1BCF-4ECE-A0B6-7F921B7AD985}.Release|x64.ActiveCfg = Release|x64
		{10022032-1BCF-4ECE-A0B6-7F921B7AD985}.Release|x64.Build.0 = Release|x64
		{10022032-1BCF-4ECE-A0B6-7F921B7AD985}.Release|x86.ActiveCfg = Release|Win32
		{10022032-1BCF-4ECE-A0B6-7F921B7AD985}.Release|x86.Build.0 = Release|Win32
		{2F8ECF10-8026-476B-935D-A8A96BBFDCAF}.Debug|x64.ActiveCfg = Debug|x64
		{2F8ECF10-8026-476B-935D-A8A96BBFDCAF}.Debug|x64.Build.0 = Debug|x64
		{2F8ECF10-8026-476B-935D-A8A96BBFDCAF}.Debug|x86.ActiveCfg = Debug|Win32
		{2F8ECF10-8026-476B-935D-A8A96BBFDCAF}.Debug|x86.Build.0 = Debug|Win32
		{2F8ECF10-8026-476B-935D-A8A96BBFDCAF}.Release|x64.ActiveCfg = Release|x64
		{2F8ECF10-8026-476B-935D-A8A96BBFDCAF}.Release|x64.Build.0 = Release|x64
		{2F8ECF10-8026-476B-935D-A8A96BBFDCAF}.Release|x86.ActiveCfg = Release|Win32
		{2F8ECF10-8026-476B-935D-A8A96BBFDCAF}.Release|x86.Build.0 = Release|Win32
		{F7D61452-4C90-4A30-A856-6CE79A6A7BBE}.Debug|x64.ActiveCfg = Debug|x64
		{F7D61452-4C90-4A30-A856-6CE79A6A7BBE}.Debug|x64.Build.0 = Debug|x64
		{F7D61452-4C90-4A30-A856-6CE79A6A7BBE}.Debug|x86.ActiveCfg = Debug|Win32
		{F7D61452-4C90-4A30-A856-6CE79A6A7BBE}.Debug|x86.Build.0 = Debug|Win32
		{F7D61452-4C90-4A30-A856-6CE79A6A7BBE}.Release|x64.ActiveCfg = Release|x64
		{F7D61452-4C90-4A30-A856-6CE79A6A7BBE}.Release|x64.Build.0 = Release|x64
		{F7D61452-4C90-4A30-A856-6CE79A6A7BBE}.Release|x86.ActiveCfg = Release|Win32
		{F7D61452-4C90-4A30-A856-6CE79A6A7BBE}.Release|x86.Build.0 = Release|Win32
		{73C51EAE-6BD5-4768-B690-9FC47F5FA6B1}.Debug|x64.ActiveCfg = Debug|x64
		{73C51EAE-6BD5-4768-B690-9FC47F5FA6B1}.Debug|x64.Build.0 = Debug|x64
		{73C51EAE-6BD5-4768-B690-9FC47F5FA6B1}.Debug|x86.ActiveCfg = Debug|Win32
		{73C51EAE-6BD5-4768-B690-9FC47F5FA6B1}.Debug|x86.Build.0 = Debug|Win32
		{73C51EAE-6BD5-4768-B690-9FC47F5FA6B1}.Release|x64.ActiveCfg = Release|x64
		{73C51EAE-6BD5-4768-B690-9FC47F5FA6B1}.Release|x64.Build.0 = Release|x64
		{73C51EAE-6BD5-4768-B690-9FC47F5FA6B1}.Release|x86.ActiveCfg = Release|Win32
		{73C51EAE-6BD5-4768-B690-9FC47F5FA6B1}.Release|x86.Build.0 = Release|Win32
		{A20C1BAC-8F8F-4737-B5B1-C9136BA7CC5E}.Debug|x64.ActiveCfg = Debug|x64
		{A20C1BAC-8F8F-4737-B5B1-C9136BA7CC5E}.Debug|x64.Build.0 = Debug|x64
		{A20C1BAC-8F8F-4737-B5B1-C9136BA7CC5E}.Debug|x86.ActiveCfg = Debug|Win32
		{A20C1BAC-8F8F-4737-B5B1-C9136BA7CC5E}.Debug|x86.Build.0 = Debug|Win32
		{A20C1BAC-8F8F-4737-B5B1-C9136BA7CC5E}.Release|x64.ActiveCfg = Release|x64
		{A20C1BAC-8F8F-4737-B5B1-C9136BA7CC5E}.Release|x64.Build.0 = Release|x64
		{A20C1BAC-8F8F-4737-B5B1-C9136BA7CC5E}.Release|x86.ActiveCfg = Release|Win32
		{A20C1BAC-8F8F-4737-B5B1-C9136BA7CC5E}.Release|x86.Build.0 = Release|Win32
		{60B430B1-6D58-4B98-A9B9-83EA25C117D9}.Debug|x64.ActiveCfg = Debug|x64
		{60B430B1-6D58-4B98-A9B9-83EA25C117D9}.Debug|x64.Build.0 = Debug|x64
		{60B430B1-6D58-4B98-A9B9-83EA25C117D9}.Debug|x86.ActiveCfg = Debug|Win32
		{60B430B1-6D58-4B98-A9B9-83EA25C117D9}.Debug|x86.Build.0 = Debug|Win32
		{60B430B1-6D58-4B98-A9B9-83EA25C117D9}.Release|x64.ActiveCfg = Release|x64
		{60B430B1-6D58-4B98-A9B9-83EA25C117D9}.Release|x64.Build.0 = Release|x64
		{60B430B1-6D58-4B98-A9B9-83EA25C117D9}.Release|x86.ActiveCfg = Release|Win32
		{60B430B1-6D58-4B98-A9B9-83EA25C117D9}.Release|x86.Build.0 = Release|Win32
		{90E3ABEA-C3FE-4130-74D3-8C71DF6CB67B}.Debug|x64.ActiveCfg = Debug|x64
		{90E3ABEA-C3FE-4130-74D3-8C71DF6CB67B}.Debug|x64.Build.0 = Debug|x64
		{90E3ABEA-C3FE-4130-74D3-8C71DF6CB67B}.Debug|x86.ActiveCfg = Debug|Win32
		{90E3ABEA-C3FE-4130-74D3-8C71DF6CB67B}.Debug|x86.Build.0 = Debug|Win32
		{90E3ABEA-C3FE-4130-74D3-8C71DF6CB67B}.Release|x64.ActiveCfg = Release|x64
		{90E3ABEA-C3FE-4130-74D3-8C71DF6CB67B}.Release|x64.Build.0 = Release|x64
		{90E3ABEA-C3FE-4130-74D3-8C71DF6CB67B}.Release|x86.ActiveCfg = Release|Win32
		{90E3ABEA-C3FE-4130-74D3-8C71DF6CB67B}.Release|x86.Build.0 = Release|Win32
		{E88C3E77-C605-1657-BC6B-1DFD7FB41EB4}.Debug|x64.ActiveCfg = Debug|x64
		{E88C3E77-C605-1657-BC6B-1DFD7FB41EB4}.Debug|x64.Build.0 = Debug|x64
		{E88C3E77-C605-1657-BC6B-1DFD7FB41EB4}.Debug|x86.ActiveCfg = Debug|Win32
		{E88C3E77-C605-1657-BC6B-1DFD7FB41EB4}.Debug|x86.Build.0 = Debug|Win32
		{E88C3E77-C605-1657-BC6B-1DFD7FB41EB4}.Release|x64.ActiveCfg = Release|x64
		{E88C3E77-C605-1657-BC6B-1DFD7FB41EB4}.Release|x64.Build.0 = Release|x64
		{E88C3E77-C605-1657-BC6B-1DFD7FB41EB4}.Release|x86.ActiveCfg = Release|Win32
		{E88C3E77-C605-1657-BC6B-1DFD7FB41EB4}.Release|x86.Build.0 = Release|Win32
		{D93DDA44-27D7-4DB7-A474-195B9A9F0892}.Debug|x64.ActiveCfg = Debug|x64
		{D93DDA44-27D7-4DB7-A474-195B9A9F0892}.Debug|x64.Build.0 = Debug|x64
		{D93DDA44-27D7-4DB7-A474-195B9A9F0892}.Debug|x86.ActiveCfg = Debug|Win32
		{D93DDA44-27D7-4DB7-A474-195B9A9F0892}.Debug|x86.Build.0 = Debug|Win32
		{D93DDA44-27D7-4DB7-A474-195B9A9F0892}.Release|x64.ActiveCfg = Release|x64
		{D93DDA44-27D7-4DB7-A474-195B9A9F0892}.Release|x64.Build.0 = Release|x64
		{D93DDA44-27D7-4DB7-A474-195B9A9F0892}.Release|x86.ActiveCfg = Release|Win32
		{D93DDA44-27D7-4DB7-A474-195B9A9F0892}.Release|x86.Build.0 = Release|Win32
		{C97401F9-2251-4834-AF9F-286D44CC4355}.Debug|x64.ActiveCfg = Debug|x64
		{C97401F9-2251-4834-AF9F-286D44CC4355}.Debug|x64.Build.0 = Debug|x64
		{C97401F9-2251-4834-AF9F-286D44CC4355}.Debug|x86.ActiveCfg = Debug|Win32
		{C97401F9-2251-4834-AF9F-286D44CC4355}.Debug|x86.Build.0 = Debug|Win32
		{C97401F9-2251-4834-AF9F-286D44CC4355}.Release|x64.ActiveCfg = Release|x64
		{C97401F9-2251-4834-AF9F-286D44CC4355}.Release|x64.Build.0 = Release|x64
		{C97401F9-2251-4834-AF9F-286D44CC4355}.Release|x86.ActiveCfg = Release|Win32
		{C97401F9-2251-4834-AF9F-286D44CC4355}.Release|x86.Build.0 = Release|Win32
	EndGlobalSection
	GlobalSection(SolutionProperties) = preSolution
		HideSolutionNode = FALSE
	EndGlobalSection
	GlobalSection(NestedProjects) = preSolution
		{0C67540E-15A7-44DF-A86E-BF6E2CB49AC0} = {7A075D68-EBBA-4AF9-A4E3-AA59B84BA7AF}
		{10022032-1BCF-4ECE-A0B6-7F921B7AD985} = {02EA681E-C7D8-13C7-8484-4AC65E1B71E8}
		{2F8ECF10-8026-476B-935D-A8A96BBFDCAF} = {02EA681E-C7D8-13C7-8484-4AC65E1B71E8}
		{F7D61452-4C90-4A30-A856-6CE79A6A7BBE} = {02EA681E-C7D8-13C7-8484-4AC65E1B71E8}
		{73C51EAE-6BD5-4768-B690-9FC47F5FA6B1} = {02EA681E-C7D8-13C7-8484-4AC65E1B71E8}
		{A20C1BAC-8F8F-4737-B5B1-C9136BA7CC5E} = {02EA681E-C7D8-13C7-8484-4AC65E1B71E8}
		{60B430B1-6D58-4B98-A9B9-83EA25C117D9} = {02EA681E-C7D8-13C7-8484-4AC65E1B71E8}
		{90E3ABEA-C3FE-4130-74D3-8C71DF6CB67B} = {0F76ADD8-2A33-49AE-A85E-D5490E3115A3}
		{E88C3E77-C605-1657-BC6B-1DFD7FB41EB4} = {0F76ADD8-2A33-49AE-A85E-D5490E3115A3}
		{D93DDA44-27D7-4DB7-A474-195B9A9F0892} = {54192587-7576-4762-8E90-1ACC166A7465}
		{C97401F9-2251-4834-AF9F-286D44CC4355} = {C1659966-85AE-494A-BCC2-C8D870F4BCE6}
	EndGlobalSection
	GlobalSection(ExtensibilityGlobals) = postSolution
		SolutionGuid = {42810A91-FC8D-4A4B-915D-C8F04472FDA2}
	EndGlobalSection
EndGlobal
