
Microsoft Visual Studio Solution File, Format Version 12.00
# Visual Studio Version 17
VisualStudioVersion = 17.13.35818.85
MinimumVisualStudioVersion = 10.0.40219.1
Project("{2150E333-8FDC-42A3-9474-1A3956D46DE8}") = "practice", "practice", "{02EA681E-C7D8-13C7-8484-4AC65E1B71E8}"
EndProject
Project("{2150E333-8FDC-42A3-9474-1A3956D46DE8}") = "class_notes", "class_notes", "{7A075D68-EBBA-4AF9-A4E3-AA59B84BA7AF}"
EndProject
Project("{8BC9CEB8-8B4A-11D0-8D11-00A0C91BC942}") = "05_feb_2025", "..\class_notes\05_feb_2025\05_feb_2025.vcxproj", "{0C67540E-15A7-44DF-A86E-BF6E2CB49AC0}"
EndProject
Project("{2150E333-8FDC-42A3-9474-1A3956D46DE8}") = "tutorial", "tutorial", "{54192587-7576-4762-8E90-1ACC166A7465}"
EndProject
Project("{8BC9CEB8-8B4A-11D0-8D11-00A0C91BC942}") = "practice01", "..\practice\practice01\practice01.vcxproj", "{10022032-1BCF-4ECE-A0B6-7F921B7AD985}"
EndProject
Project("{8BC9CEB8-8B4A-11D0-8D11-00A0C91BC942}") = "practice02", "..\practice\practice02\practice02.vcxproj", "{2F8ECF10-8026-476B-935D-A8A96BBFDCAF}"
EndProject
Project("{8BC9CEB8-8B4A-11D0-8D11-00A0C91BC942}") = "practice03", "..\practice\practice03\practice03.vcxproj", "{F7D61452-4C90-4A30-A856-6CE79A6A7BBE}"
EndProject
Project("{8BC9CEB8-8B4A-11D0-8D11-00A0C91BC942}") = "practice04_1a", "..\practice\practice04\practice04_1a\practice04_1a.vcxproj", "{73C51EAE-6BD5-4768-B690-9FC47F5FA6B1}"
EndProject
Project("{8BC9CEB8-8B4A-11D0-8D11-00A0C91BC942}") = "practice04_2b", "..\practice\practice04\practice04_2b\practice04_2b.vcxproj", "{A20C1BAC-8F8F-4737-B5B1-C9136BA7CC5E}"
EndProject
Project("{8BC9CEB8-8B4A-11D0-8D11-00A0C91BC942}") = "tutorial05", "..\tutorial\tutorial05\tutorial05\tutorial05.vcxproj", "{D93DDA44-27D7-4DB7-A474-195B9A9F0892}"
EndProject
Project("{8BC9CEB8-8B4A-11D0-8D11-00A0C91BC942}") = "practice04_3a", "..\practice\practice04\practice04_3a\practice04_3a.vcxproj", "{EE258ED1-3CEE-4ADC-B0BB-B2281AFFA45E}"
EndProject
Project("{2150E333-8FDC-42A3-9474-1A3956D46DE8}") = "projects", "projects", "{FE60A669-24FA-4DB6-AB22-A919CC2DC0F8}"
EndProject
Project("{2150E333-8FDC-42A3-9474-1A3956D46DE8}") = "tests", "tests", "{8615EACE-231B-4D2E-9F74-31647AC9CEA0}"
EndProject
Project("{8BC9CEB8-8B4A-11D0-8D11-00A0C91BC942}") = "project01", "..\projects\project01\project01.vcxproj", "{C97401F9-2251-4834-AF9F-286D44CC4355}"
EndProject
Project("{8BC9CEB8-8B4A-11D0-8D11-00A0C91BC942}") = "05_feb_2025_test", "..\tests\05_feb_2025_test\05_feb_2025_test.vcxproj", "{90E3ABEA-C3FE-4130-74D3-8C71DF6CB67B}"
EndProject
Project("{8BC9CEB8-8B4A-11D0-8D11-00A0C91BC942}") = "practice03_test", "..\tests\practice03_test\practice03_test.vcxproj", "{E88C3E77-C605-1657-BC6B-1DFD7FB41EB4}"
EndProject
Project("{8BC9CEB8-8B4A-11D0-8D11-00A0C91BC942}") = "tutorial04", "..\tutorial\tutorial04\tutorial04\tutorial04.vcxproj", "{E3A6886C-97D1-4EE0-8141-79198DAABCD2}"
EndProject
Project("{8BC9CEB8-8B4A-11D0-8D11-00A0C91BC942}") = "practice05_1a", "..\practice\practice05\practice05_1a\practice05_1a.vcxproj", "{28A61255-7E92-42D2-B991-1640FCF1FD50}"
EndProject
Project("{8BC9CEB8-8B4A-11D0-8D11-00A0C91BC942}") = "practice05_2a", "..\practice\practice05\practice05_2a\practice05_2a.vcxproj", "{ECAC7584-DB03-465F-AAAF-0240BBA38083}"
EndProject
Project("{8BC9CEB8-8B4A-11D0-8D11-00A0C91BC942}") = "practice05_3a", "..\practice\practice05\practice05_3a\practice05_3a.vcxproj", "{A561A861-29A6-4797-9C67-BB6A5661E386}"
EndProject
Project("{2150E333-8FDC-42A3-9474-1A3956D46DE8}") = "midterm_exam", "midterm_exam", "{710975DD-8F74-48EC-AEFD-0EF78973ED16}"
EndProject
Project("{8BC9CEB8-8B4A-11D0-8D11-00A0C91BC942}") = "midterm01", "..\midterm_exam\midterm01\midterm01.vcxproj", "{65180DF7-7B45-485C-867B-44D1C3C76A77}"
EndProject
Project("{8BC9CEB8-8B4A-11D0-8D11-00A0C91BC942}") = "midterm04", "..\midterm_exam\midterm04\midterm04.vcxproj", "{3799B397-9005-48DA-9566-0CCD5A81967F}"
EndProject
Project("{8BC9CEB8-8B4A-11D0-8D11-00A0C91BC942}") = "midterm02", "..\midterm_exam\midterm02\midterm02.vcxproj", "{DC87860C-FA4A-4224-B590-947E803A718F}"
EndProject
Project("{8BC9CEB8-8B4A-11D0-8D11-00A0C91BC942}") = "midterm03", "..\midterm_exam\midterm03\midterm03.vcxproj", "{1F39808C-D39C-43B0-B1B0-64598B1470A5}"
EndProject
Project("{8BC9CEB8-8B4A-11D0-8D11-00A0C91BC942}") = "practice06", "..\practice\practice06\practice06.vcxproj", "{045F3BA7-DAED-457C-8EC7-2AF30D38399F}"
EndProject
Project("{8BC9CEB8-8B4A-11D0-8D11-00A0C91BC942}") = "practice07", "..\practice\practice07\practice07.vcxproj", "{4DF5D28A-1215-43E7-B9CF-21ECEAE75107}"
EndProject
Global
	GlobalSection(SolutionConfigurationPlatforms) = preSolution
		Debug|x64 = Debug|x64
		Debug|x86 = Debug|x86
		Release|x64 = Release|x64
		Release|x86 = Release|x86
	EndGlobalSection
	GlobalSection(ProjectConfigurationPlatforms) = postSolution
		{0C67540E-15A7-44DF-A86E-BF6E2CB49AC0}.Debug|x64.ActiveCfg = Debug|x64
		{0C67540E-15A7-44DF-A86E-BF6E2CB49AC0}.Debug|x64.Build.0 = Debug|x64
		{0C67540E-15A7-44DF-A86E-BF6E2CB49AC0}.Debug|x86.ActiveCfg = Debug|Win32
		{0C67540E-15A7-44DF-A86E-BF6E2CB49AC0}.Debug|x86.Build.0 = Debug|Win32
		{0C67540E-15A7-44DF-A86E-BF6E2CB49AC0}.Release|x64.ActiveCfg = Release|x64
		{0C67540E-15A7-44DF-A86E-BF6E2CB49AC0}.Release|x64.Build.0 = Release|x64
		{0C67540E-15A7-44DF-A86E-BF6E2CB49AC0}.Release|x86.ActiveCfg = Release|Win32
		{0C67540E-15A7-44DF-A86E-BF6E2CB49AC0}.Release|x86.Build.0 = Release|Win32
		{10022032-1BCF-4ECE-A0B6-7F921B7AD985}.Debug|x64.ActiveCfg = Debug|x64
		{10022032-1BCF-4ECE-A0B6-7F921B7AD985}.Debug|x64.Build.0 = Debug|x64
		{10022032-1BCF-4ECE-A0B6-7F921B7AD985}.Debug|x86.ActiveCfg = Debug|Win32
		{10022032-1BCF-4ECE-A0B6-7F921B7AD985}.Debug|x86.Build.0 = Debug|Win32
		{10022032-1BCF-4ECE-A0B6-7F921B7AD985}.Release|x64.ActiveCfg = Release|x64
		{10022032-1BCF-4ECE-A0B6-7F921B7AD985}.Release|x64.Build.0 = Release|x64
		{10022032-1BCF-4ECE-A0B6-7F921B7AD985}.Release|x86.ActiveCfg = Release|Win32
		{10022032-1BCF-4ECE-A0B6-7F921B7AD985}.Release|x86.Build.0 = Release|Win32
		{2F8ECF10-8026-476B-935D-A8A96BBFDCAF}.Debug|x64.ActiveCfg = Debug|x64
		{2F8ECF10-8026-476B-935D-A8A96BBFDCAF}.Debug|x64.Build.0 = Debug|x64
		{2F8ECF10-8026-476B-935D-A8A96BBFDCAF}.Debug|x86.ActiveCfg = Debug|Win32
		{2F8ECF10-8026-476B-935D-A8A96BBFDCAF}.Debug|x86.Build.0 = Debug|Win32
		{2F8ECF10-8026-476B-935D-A8A96BBFDCAF}.Release|x64.ActiveCfg = Release|x64
		{2F8ECF10-8026-476B-935D-A8A96BBFDCAF}.Release|x64.Build.0 = Release|x64
		{2F8ECF10-8026-476B-935D-A8A96BBFDCAF}.Release|x86.ActiveCfg = Release|Win32
		{2F8ECF10-8026-476B-935D-A8A96BBFDCAF}.Release|x86.Build.0 = Release|Win32
		{F7D61452-4C90-4A30-A856-6CE79A6A7BBE}.Debug|x64.ActiveCfg = Debug|x64
		{F7D61452-4C90-4A30-A856-6CE79A6A7BBE}.Debug|x64.Build.0 = Debug|x64
		{F7D61452-4C90-4A30-A856-6CE79A6A7BBE}.Debug|x86.ActiveCfg = Debug|Win32
		{F7D61452-4C90-4A30-A856-6CE79A6A7BBE}.Debug|x86.Build.0 = Debug|Win32
		{F7D61452-4C90-4A30-A856-6CE79A6A7BBE}.Release|x64.ActiveCfg = Release|x64
		{F7D61452-4C90-4A30-A856-6CE79A6A7BBE}.Release|x64.Build.0 = Release|x64
		{F7D61452-4C90-4A30-A856-6CE79A6A7BBE}.Release|x86.ActiveCfg = Release|Win32
		{F7D61452-4C90-4A30-A856-6CE79A6A7BBE}.Release|x86.Build.0 = Release|Win32
		{73C51EAE-6BD5-4768-B690-9FC47F5FA6B1}.Debug|x64.ActiveCfg = Debug|x64
		{73C51EAE-6BD5-4768-B690-9FC47F5FA6B1}.Debug|x64.Build.0 = Debug|x64
		{73C51EAE-6BD5-4768-B690-9FC47F5FA6B1}.Debug|x86.ActiveCfg = Debug|Win32
		{73C51EAE-6BD5-4768-B690-9FC47F5FA6B1}.Debug|x86.Build.0 = Debug|Win32
		{73C51EAE-6BD5-4768-B690-9FC47F5FA6B1}.Release|x64.ActiveCfg = Release|x64
		{73C51EAE-6BD5-4768-B690-9FC47F5FA6B1}.Release|x64.Build.0 = Release|x64
		{73C51EAE-6BD5-4768-B690-9FC47F5FA6B1}.Release|x86.ActiveCfg = Release|Win32
		{73C51EAE-6BD5-4768-B690-9FC47F5FA6B1}.Release|x86.Build.0 = Release|Win32
		{A20C1BAC-8F8F-4737-B5B1-C9136BA7CC5E}.Debug|x64.ActiveCfg = Debug|x64
		{A20C1BAC-8F8F-4737-B5B1-C9136BA7CC5E}.Debug|x64.Build.0 = Debug|x64
		{A20C1BAC-8F8F-4737-B5B1-C9136BA7CC5E}.Debug|x86.ActiveCfg = Debug|Win32
		{A20C1BAC-8F8F-4737-B5B1-C9136BA7CC5E}.Debug|x86.Build.0 = Debug|Win32
		{A20C1BAC-8F8F-4737-B5B1-C9136BA7CC5E}.Release|x64.ActiveCfg = Release|x64
		{A20C1BAC-8F8F-4737-B5B1-C9136BA7CC5E}.Release|x64.Build.0 = Release|x64
		{A20C1BAC-8F8F-4737-B5B1-C9136BA7CC5E}.Release|x86.ActiveCfg = Release|Win32
		{A20C1BAC-8F8F-4737-B5B1-C9136BA7CC5E}.Release|x86.Build.0 = Release|Win32
		{D93DDA44-27D7-4DB7-A474-195B9A9F0892}.Debug|x64.ActiveCfg = Debug|x64
		{D93DDA44-27D7-4DB7-A474-195B9A9F0892}.Debug|x64.Build.0 = Debug|x64
		{D93DDA44-27D7-4DB7-A474-195B9A9F0892}.Debug|x86.ActiveCfg = Debug|Win32
		{D93DDA44-27D7-4DB7-A474-195B9A9F0892}.Debug|x86.Build.0 = Debug|Win32
		{D93DDA44-27D7-4DB7-A474-195B9A9F0892}.Release|x64.ActiveCfg = Release|x64
		{D93DDA44-27D7-4DB7-A474-195B9A9F0892}.Release|x64.Build.0 = Release|x64
		{D93DDA44-27D7-4DB7-A474-195B9A9F0892}.Release|x86.ActiveCfg = Release|Win32
		{D93DDA44-27D7-4DB7-A474-195B9A9F0892}.Release|x86.Build.0 = Release|Win32
		{EE258ED1-3CEE-4ADC-B0BB-B2281AFFA45E}.Debug|x64.ActiveCfg = Debug|x64
		{EE258ED1-3CEE-4ADC-B0BB-B2281AFFA45E}.Debug|x64.Build.0 = Debug|x64
		{EE258ED1-3CEE-4ADC-B0BB-B2281AFFA45E}.Debug|x86.ActiveCfg = Debug|Win32
		{EE258ED1-3CEE-4ADC-B0BB-B2281AFFA45E}.Debug|x86.Build.0 = Debug|Win32
		{EE258ED1-3CEE-4ADC-B0BB-B2281AFFA45E}.Release|x64.ActiveCfg = Release|x64
		{EE258ED1-3CEE-4ADC-B0BB-B2281AFFA45E}.Release|x64.Build.0 = Release|x64
		{EE258ED1-3CEE-4ADC-B0BB-B2281AFFA45E}.Release|x86.ActiveCfg = Release|Win32
		{EE258ED1-3CEE-4ADC-B0BB-B2281AFFA45E}.Release|x86.Build.0 = Release|Win32
		{C97401F9-2251-4834-AF9F-286D44CC4355}.Debug|x64.ActiveCfg = Debug|x64
		{C97401F9-2251-4834-AF9F-286D44CC4355}.Debug|x64.Build.0 = Debug|x64
		{C97401F9-2251-4834-AF9F-286D44CC4355}.Debug|x86.ActiveCfg = Debug|Win32
		{C97401F9-2251-4834-AF9F-286D44CC4355}.Debug|x86.Build.0 = Debug|Win32
		{C97401F9-2251-4834-AF9F-286D44CC4355}.Release|x64.ActiveCfg = Release|x64
		{C97401F9-2251-4834-AF9F-286D44CC4355}.Release|x64.Build.0 = Release|x64
		{C97401F9-2251-4834-AF9F-286D44CC4355}.Release|x86.ActiveCfg = Release|Win32
		{C97401F9-2251-4834-AF9F-286D44CC4355}.Release|x86.Build.0 = Release|Win32
		{90E3ABEA-C3FE-4130-74D3-8C71DF6CB67B}.Debug|x64.ActiveCfg = Debug|x64
		{90E3ABEA-C3FE-4130-74D3-8C71DF6CB67B}.Debug|x64.Build.0 = Debug|x64
		{90E3ABEA-C3FE-4130-74D3-8C71DF6CB67B}.Debug|x86.ActiveCfg = Debug|Win32
		{90E3ABEA-C3FE-4130-74D3-8C71DF6CB67B}.Debug|x86.Build.0 = Debug|Win32
		{90E3ABEA-C3FE-4130-74D3-8C71DF6CB67B}.Release|x64.ActiveCfg = Release|x64
		{90E3ABEA-C3FE-4130-74D3-8C71DF6CB67B}.Release|x64.Build.0 = Release|x64
		{90E3ABEA-C3FE-4130-74D3-8C71DF6CB67B}.Release|x86.ActiveCfg = Release|Win32
		{90E3ABEA-C3FE-4130-74D3-8C71DF6CB67B}.Release|x86.Build.0 = Release|Win32
		{E88C3E77-C605-1657-BC6B-1DFD7FB41EB4}.Debug|x64.ActiveCfg = Debug|x64
		{E88C3E77-C605-1657-BC6B-1DFD7FB41EB4}.Debug|x64.Build.0 = Debug|x64
		{E88C3E77-C605-1657-BC6B-1DFD7FB41EB4}.Debug|x86.ActiveCfg = Debug|Win32
		{E88C3E77-C605-1657-BC6B-1DFD7FB41EB4}.Debug|x86.Build.0 = Debug|Win32
		{E88C3E77-C605-1657-BC6B-1DFD7FB41EB4}.Release|x64.ActiveCfg = Release|x64
		{E88C3E77-C605-1657-BC6B-1DFD7FB41EB4}.Release|x64.Build.0 = Release|x64
		{E88C3E77-C605-1657-BC6B-1DFD7FB41EB4}.Release|x86.ActiveCfg = Release|Win32
		{E88C3E77-C605-1657-BC6B-1DFD7FB41EB4}.Release|x86.Build.0 = Release|Win32
		{E3A6886C-97D1-4EE0-8141-79198DAABCD2}.Debug|x64.ActiveCfg = Debug|x64
		{E3A6886C-97D1-4EE0-8141-79198DAABCD2}.Debug|x64.Build.0 = Debug|x64
		{E3A6886C-97D1-4EE0-8141-79198DAABCD2}.Debug|x86.ActiveCfg = Debug|Win32
		{E3A6886C-97D1-4EE0-8141-79198DAABCD2}.Debug|x86.Build.0 = Debug|Win32
		{E3A6886C-97D1-4EE0-8141-79198DAABCD2}.Release|x64.ActiveCfg = Release|x64
		{E3A6886C-97D1-4EE0-8141-79198DAABCD2}.Release|x64.Build.0 = Release|x64
		{E3A6886C-97D1-4EE0-8141-79198DAABCD2}.Release|x86.ActiveCfg = Release|Win32
		{E3A6886C-97D1-4EE0-8141-79198DAABCD2}.Release|x86.Build.0 = Release|Win32
		{28A61255-7E92-42D2-B991-1640FCF1FD50}.Debug|x64.ActiveCfg = Debug|x64
		{28A61255-7E92-42D2-B991-1640FCF1FD50}.Debug|x64.Build.0 = Debug|x64
		{28A61255-7E92-42D2-B991-1640FCF1FD50}.Debug|x86.ActiveCfg = Debug|Win32
		{28A61255-7E92-42D2-B991-1640FCF1FD50}.Debug|x86.Build.0 = Debug|Win32
		{28A61255-7E92-42D2-B991-1640FCF1FD50}.Release|x64.ActiveCfg = Release|x64
		{28A61255-7E92-42D2-B991-1640FCF1FD50}.Release|x64.Build.0 = Release|x64
		{28A61255-7E92-42D2-B991-1640FCF1FD50}.Release|x86.ActiveCfg = Release|Win32
		{28A61255-7E92-42D2-B991-1640FCF1FD50}.Release|x86.Build.0 = Release|Win32
		{ECAC7584-DB03-465F-AAAF-0240BBA38083}.Debug|x64.ActiveCfg = Debug|x64
		{ECAC7584-DB03-465F-AAAF-0240BBA38083}.Debug|x64.Build.0 = Debug|x64
		{ECAC7584-DB03-465F-AAAF-0240BBA38083}.Debug|x86.ActiveCfg = Debug|Win32
		{ECAC7584-DB03-465F-AAAF-0240BBA38083}.Debug|x86.Build.0 = Debug|Win32
		{ECAC7584-DB03-465F-AAAF-0240BBA38083}.Release|x64.ActiveCfg = Release|x64
		{ECAC7584-DB03-465F-AAAF-0240BBA38083}.Release|x64.Build.0 = Release|x64
		{ECAC7584-DB03-465F-AAAF-0240BBA38083}.Release|x86.ActiveCfg = Release|Win32
		{ECAC7584-DB03-465F-AAAF-0240BBA38083}.Release|x86.Build.0 = Release|Win32
		{A561A861-29A6-4797-9C67-BB6A5661E386}.Debug|x64.ActiveCfg = Debug|x64
		{A561A861-29A6-4797-9C67-BB6A5661E386}.Debug|x64.Build.0 = Debug|x64
		{A561A861-29A6-4797-9C67-BB6A5661E386}.Debug|x86.ActiveCfg = Debug|Win32
		{A561A861-29A6-4797-9C67-BB6A5661E386}.Debug|x86.Build.0 = Debug|Win32
		{A561A861-29A6-4797-9C67-BB6A5661E386}.Release|x64.ActiveCfg = Release|x64
		{A561A861-29A6-4797-9C67-BB6A5661E386}.Release|x64.Build.0 = Release|x64
		{A561A861-29A6-4797-9C67-BB6A5661E386}.Release|x86.ActiveCfg = Release|Win32
		{A561A861-29A6-4797-9C67-BB6A5661E386}.Release|x86.Build.0 = Release|Win32
		{65180DF7-7B45-485C-867B-44D1C3C76A77}.Debug|x64.ActiveCfg = Debug|x64
		{65180DF7-7B45-485C-867B-44D1C3C76A77}.Debug|x64.Build.0 = Debug|x64
		{65180DF7-7B45-485C-867B-44D1C3C76A77}.Debug|x86.ActiveCfg = Debug|Win32
		{65180DF7-7B45-485C-867B-44D1C3C76A77}.Debug|x86.Build.0 = Debug|Win32
		{65180DF7-7B45-485C-867B-44D1C3C76A77}.Release|x64.ActiveCfg = Release|x64
		{65180DF7-7B45-485C-867B-44D1C3C76A77}.Release|x64.Build.0 = Release|x64
		{65180DF7-7B45-485C-867B-44D1C3C76A77}.Release|x86.ActiveCfg = Release|Win32
		{65180DF7-7B45-485C-867B-44D1C3C76A77}.Release|x86.Build.0 = Release|Win32
		{3799B397-9005-48DA-9566-0CCD5A81967F}.Debug|x64.ActiveCfg = Debug|x64
		{3799B397-9005-48DA-9566-0CCD5A81967F}.Debug|x64.Build.0 = Debug|x64
		{3799B397-9005-48DA-9566-0CCD5A81967F}.Debug|x86.ActiveCfg = Debug|Win32
		{3799B397-9005-48DA-9566-0CCD5A81967F}.Debug|x86.Build.0 = Debug|Win32
		{3799B397-9005-48DA-9566-0CCD5A81967F}.Release|x64.ActiveCfg = Release|x64
		{3799B397-9005-48DA-9566-0CCD5A81967F}.Release|x64.Build.0 = Release|x64
		{3799B397-9005-48DA-9566-0CCD5A81967F}.Release|x86.ActiveCfg = Release|Win32
		{3799B397-9005-48DA-9566-0CCD5A81967F}.Release|x86.Build.0 = Release|Win32
		{DC87860C-FA4A-4224-B590-947E803A718F}.Debug|x64.ActiveCfg = Debug|x64
		{DC87860C-FA4A-4224-B590-947E803A718F}.Debug|x64.Build.0 = Debug|x64
		{DC87860C-FA4A-4224-B590-947E803A718F}.Debug|x86.ActiveCfg = Debug|Win32
		{DC87860C-FA4A-4224-B590-947E803A718F}.Debug|x86.Build.0 = Debug|Win32
		{DC87860C-FA4A-4224-B590-947E803A718F}.Release|x64.ActiveCfg = Release|x64
		{DC87860C-FA4A-4224-B590-947E803A718F}.Release|x64.Build.0 = Release|x64
		{DC87860C-FA4A-4224-B590-947E803A718F}.Release|x86.ActiveCfg = Release|Win32
		{DC87860C-FA4A-4224-B590-947E803A718F}.Release|x86.Build.0 = Release|Win32
		{1F39808C-D39C-43B0-B1B0-64598B1470A5}.Debug|x64.ActiveCfg = Debug|x64
		{1F39808C-D39C-43B0-B1B0-64598B1470A5}.Debug|x64.Build.0 = Debug|x64
		{1F39808C-D39C-43B0-B1B0-64598B1470A5}.Debug|x86.ActiveCfg = Debug|Win32
		{1F39808C-D39C-43B0-B1B0-64598B1470A5}.Debug|x86.Build.0 = Debug|Win32
		{1F39808C-D39C-43B0-B1B0-64598B1470A5}.Release|x64.ActiveCfg = Release|x64
		{1F39808C-D39C-43B0-B1B0-64598B1470A5}.Release|x64.Build.0 = Release|x64
		{1F39808C-D39C-43B0-B1B0-64598B1470A5}.Release|x86.ActiveCfg = Release|Win32
		{1F39808C-D39C-43B0-B1B0-64598B1470A5}.Release|x86.Build.0 = Release|Win32
		{045F3BA7-DAED-457C-8EC7-2AF30D38399F}.Debug|x64.ActiveCfg = Debug|x64
		{045F3BA7-DAED-457C-8EC7-2AF30D38399F}.Debug|x64.Build.0 = Debug|x64
		{045F3BA7-DAED-457C-8EC7-2AF30D38399F}.Debug|x86.ActiveCfg = Debug|Win32
		{045F3BA7-DAED-457C-8EC7-2AF30D38399F}.Debug|x86.Build.0 = Debug|Win32
		{045F3BA7-DAED-457C-8EC7-2AF30D38399F}.Release|x64.ActiveCfg = Release|x64
		{045F3BA7-DAED-457C-8EC7-2AF30D38399F}.Release|x64.Build.0 = Release|x64
		{045F3BA7-DAED-457C-8EC7-2AF30D38399F}.Release|x86.ActiveCfg = Release|Win32
		{045F3BA7-DAED-457C-8EC7-2AF30D38399F}.Release|x86.Build.0 = Release|Win32
		{4DF5D28A-1215-43E7-B9CF-21ECEAE75107}.Debug|x64.ActiveCfg = Debug|x64
		{4DF5D28A-1215-43E7-B9CF-21ECEAE75107}.Debug|x64.Build.0 = Debug|x64
		{4DF5D28A-1215-43E7-B9CF-21ECEAE75107}.Debug|x86.ActiveCfg = Debug|Win32
		{4DF5D28A-1215-43E7-B9CF-21ECEAE75107}.Debug|x86.Build.0 = Debug|Win32
		{4DF5D28A-1215-43E7-B9CF-21ECEAE75107}.Release|x64.ActiveCfg = Release|x64
		{4DF5D28A-1215-43E7-B9CF-21ECEAE75107}.Release|x64.Build.0 = Release|x64
		{4DF5D28A-1215-43E7-B9CF-21ECEAE75107}.Release|x86.ActiveCfg = Release|Win32
		{4DF5D28A-1215-43E7-B9CF-21ECEAE75107}.Release|x86.Build.0 = Release|Win32
	EndGlobalSection
	GlobalSection(SolutionProperties) = preSolution
		HideSolutionNode = FALSE
	EndGlobalSection
	GlobalSection(NestedProjects) = preSolution
		{0C67540E-15A7-44DF-A86E-BF6E2CB49AC0} = {7A075D68-EBBA-4AF9-A4E3-AA59B84BA7AF}
		{10022032-1BCF-4ECE-A0B6-7F921B7AD985} = {02EA681E-C7D8-13C7-8484-4AC65E1B71E8}
		{2F8ECF10-8026-476B-935D-A8A96BBFDCAF} = {02EA681E-C7D8-13C7-8484-4AC65E1B71E8}
		{F7D61452-4C90-4A30-A856-6CE79A6A7BBE} = {02EA681E-C7D8-13C7-8484-4AC65E1B71E8}
		{73C51EAE-6BD5-4768-B690-9FC47F5FA6B1} = {02EA681E-C7D8-13C7-8484-4AC65E1B71E8}
		{A20C1BAC-8F8F-4737-B5B1-C9136BA7CC5E} = {02EA681E-C7D8-13C7-8484-4AC65E1B71E8}
		{D93DDA44-27D7-4DB7-A474-195B9A9F0892} = {54192587-7576-4762-8E90-1ACC166A7465}
		{EE258ED1-3CEE-4ADC-B0BB-B2281AFFA45E} = {02EA681E-C7D8-13C7-8484-4AC65E1B71E8}
		{C97401F9-2251-4834-AF9F-286D44CC4355} = {FE60A669-24FA-4DB6-AB22-A919CC2DC0F8}
		{90E3ABEA-C3FE-4130-74D3-8C71DF6CB67B} = {8615EACE-231B-4D2E-9F74-31647AC9CEA0}
		{E88C3E77-C605-1657-BC6B-1DFD7FB41EB4} = {8615EACE-231B-4D2E-9F74-31647AC9CEA0}
		{E3A6886C-97D1-4EE0-8141-79198DAABCD2} = {54192587-7576-4762-8E90-1ACC166A7465}
		{28A61255-7E92-42D2-B991-1640FCF1FD50} = {02EA681E-C7D8-13C7-8484-4AC65E1B71E8}
		{ECAC7584-DB03-465F-AAAF-0240BBA38083} = {02EA681E-C7D8-13C7-8484-4AC65E1B71E8}
		{A561A861-29A6-4797-9C67-BB6A5661E386} = {02EA681E-C7D8-13C7-8484-4AC65E1B71E8}
		{65180DF7-7B45-485C-867B-44D1C3C76A77} = {710975DD-8F74-48EC-AEFD-0EF78973ED16}
		{3799B397-9005-48DA-9566-0CCD5A81967F} = {710975DD-8F74-48EC-AEFD-0EF78973ED16}
		{DC87860C-FA4A-4224-B590-947E803A718F} = {710975DD-8F74-48EC-AEFD-0EF78973ED16}
		{1F39808C-D39C-43B0-B1B0-64598B1470A5} = {710975DD-8F74-48EC-AEFD-0EF78973ED16}
		{045F3BA7-DAED-457C-8EC7-2AF30D38399F} = {02EA681E-C7D8-13C7-8484-4AC65E1B71E8}
		{4DF5D28A-1215-43E7-B9CF-21ECEAE75107} = {02EA681E-C7D8-13C7-8484-4AC65E1B71E8}
	EndGlobalSection
	GlobalSection(ExtensibilityGlobals) = postSolution
		SolutionGuid = {42810A91-FC8D-4A4B-915D-C8F04472FDA2}
	EndGlobalSection
EndGlobal
